
Microsoft Visual Studio Solution File, Format Version 12.00
# Visual Studio Version 16
VisualStudioVersion = 25.0.1704.3
MinimumVisualStudioVersion = 10.0.40219.1
Project("{FAE04EC0-301F-11D3-BF4B-00C04F79EFBC}") = "LogicalPrograms_CSharp", "LogicalPrograms_CSharp\LogicalPrograms_CSharp.csproj", "{3FAA3DB0-EA60-48CE-AE84-0031900B754C}"
EndProject
Global
	GlobalSection(SolutionConfigurationPlatforms) = preSolution
		Debug|Any CPU = Debug|Any CPU
		Release|Any CPU = Release|Any CPU
	EndGlobalSection
	GlobalSection(ProjectConfigurationPlatforms) = postSolution
		{3FAA3DB0-EA60-48CE-AE84-0031900B754C}.Debug|Any CPU.ActiveCfg = Debug|Any CPU
		{3FAA3DB0-EA60-48CE-AE84-0031900B754C}.Debug|Any CPU.Build.0 = Debug|Any CPU
		{3FAA3DB0-EA60-48CE-AE84-0031900B754C}.Release|Any CPU.ActiveCfg = Release|Any CPU
		{3FAA3DB0-EA60-48CE-AE84-0031900B754C}.Release|Any CPU.Build.0 = Release|Any CPU
	EndGlobalSection
	GlobalSection(SolutionProperties) = preSolution
		HideSolutionNode = FALSE
	EndGlobalSection
	GlobalSection(ExtensibilityGlobals) = postSolution
		SolutionGuid = {F831F515-8ECE-48A4-94ED-96BB05C4CBAA}
	EndGlobalSection
EndGlobal
